{
  "name": "springboot_vue",
  "lockfileVersion": 2,
  "requires": true,
  "packages": {
    "": {
      "dependencies": {
        "vue-line-canvas": "^1.0.0"
      }
    },
    "node_modules/vue": {
      "version": "2.6.14",
      "resolved": "https://registry.npmjs.org/vue/-/vue-2.6.14.tgz",
      "integrity": "sha512-x2284lgYvjOMj3Za7kqzRcUSxBboHqtgRE2zlos1qWaOye5yUmHn42LB1250NJBLRwEcdrB0JRwyPTEPhfQjiQ=="
    },
    "node_modules/vue-line-canvas": {
      "version": "1.0.0",
      "resolved": "https://registry.npmjs.org/vue-line-canvas/-/vue-line-canvas-1.0.0.tgz",
      "integrity": "sha512-7yuF6EMYBpW+gAQ4wh3kArtUCYY7fejo+Y9Y9vX7CJk0x0ag1k4ywyCeUVO1EV4jp+oieVMaxEe2Gd7kUEIpaQ==",
      "dependencies": {
        "vue": "^2.5.2",
        "vue-router": "^3.0.1"
      },
      "engines": {
        "node": ">= 6.0.0",
        "npm": ">= 3.0.0"
      }
    },
    "node_modules/vue-router": {
      "version": "3.5.4",
      "resolved": "https://registry.npmjs.org/vue-router/-/vue-router-3.5.4.tgz",
      "integrity": "sha512-x+/DLAJZv2mcQ7glH2oV9ze8uPwcI+H+GgTgTmb5I55bCgY3+vXWIsqbYUzbBSZnwFHEJku4eoaH/x98veyymQ=="
    }
  },
  "dependencies": {
    "vue": {
      "version": "2.6.14",
      "resolved": "https://registry.npmjs.org/vue/-/vue-2.6.14.tgz",
      "integrity": "sha512-x2284lgYvjOMj3Za7kqzRcUSxBboHqtgRE2zlos1qWaOye5yUmHn42LB1250NJBLRwEcdrB0JRwyPTEPhfQjiQ=="
    },
    "vue-line-canvas": {
      "version": "1.0.0",
      "resolved": "https://registry.npmjs.org/vue-line-canvas/-/vue-line-canvas-1.0.0.tgz",
      "integrity": "sha512-7yuF6EMYBpW+gAQ4wh3kArtUCYY7fejo+Y9Y9vX7CJk0x0ag1k4ywyCeUVO1EV4jp+oieVMaxEe2Gd7kUEIpaQ==",
      "requires": {
        "vue": "^2.5.2",
        "vue-router": "^3.0.1"
      }
    },
    "vue-router": {
      "version": "3.5.4",
      "resolved": "https://registry.npmjs.org/vue-router/-/vue-router-3.5.4.tgz",
      "integrity": "sha512-x+/DLAJZv2mcQ7glH2oV9ze8uPwcI+H+GgTgTmb5I55bCgY3+vXWIsqbYUzbBSZnwFHEJku4eoaH/x98veyymQ=="
    }
  }
}
